
Microsoft Visual Studio Solution File, Format Version 12.00
# Visual Studio Version 17
VisualStudioVersion = 17.14.36414.22
MinimumVisualStudioVersion = 10.0.40219.1
Project("{FAE04EC0-301F-11D3-BF4B-00C04F79EFBC}") = "WxSdk", "WxSdk\WxSdk.csproj", "{A098E4A9-8B0E-4612-A75E-0AE2061E70FF}"
EndProject
Project("{FAE04EC0-301F-11D3-BF4B-00C04F79EFBC}") = "Game", "Game\Game.csproj", "{C21715A1-3608-4428-8F85-8BFFAC123231}"
EndProject
Global
	GlobalSection(SolutionConfigurationPlatforms) = preSolution
		Debug|Any CPU = Debug|Any CPU
		Release|Any CPU = Release|Any CPU
	EndGlobalSection
	GlobalSection(ProjectConfigurationPlatforms) = postSolution
		{A098E4A9-8B0E-4612-A75E-0AE2061E70FF}.Debug|Any CPU.ActiveCfg = Release|Any CPU
		{A098E4A9-8B0E-4612-A75E-0AE2061E70FF}.Debug|Any CPU.Build.0 = Release|Any CPU
		{A098E4A9-8B0E-4612-A75E-0AE2061E70FF}.Release|Any CPU.ActiveCfg = Release|Any CPU
		{A098E4A9-8B0E-4612-A75E-0AE2061E70FF}.Release|Any CPU.Build.0 = Release|Any CPU
		{C21715A1-3608-4428-8F85-8BFFAC123231}.Debug|Any CPU.ActiveCfg = Debug|Any CPU
		{C21715A1-3608-4428-8F85-8BFFAC123231}.Debug|Any CPU.Build.0 = Debug|Any CPU
		{C21715A1-3608-4428-8F85-8BFFAC123231}.Release|Any CPU.ActiveCfg = Release|Any CPU
		{C21715A1-3608-4428-8F85-8BFFAC123231}.Release|Any CPU.Build.0 = Release|Any CPU
	EndGlobalSection
	GlobalSection(SolutionProperties) = preSolution
		HideSolutionNode = FALSE
	EndGlobalSection
	GlobalSection(ExtensibilityGlobals) = postSolution
		SolutionGuid = {E88591C5-A226-48FF-802F-8B6328F2A27E}
	EndGlobalSection
EndGlobal
